// !$*UTF8*$!
{
	archiveVersion = 1;
	classes = {
	};
	objectVersion = 51;
	objects = {

/* Begin PBXBuildFile section */
		3D96A3EFEC03D2A42806B3C6 /* Pods_LYSReachabilityManagerDemoUITests.framework in Frameworks */ = {isa = PBXBuildFile; fileRef = 236542191DF9CB75E6F79CAA /* Pods_LYSReachabilityManagerDemoUITests.framework */; };
		8B4403C4A69DDEAB99932716 /* Pods_LYSReachabilityManagerDemoTests.framework in Frameworks */ = {isa = PBXBuildFile; fileRef = 5CAB4073B096E4BA53E441FC /* Pods_LYSReachabilityManagerDemoTests.framework */; };
		CC334B1722E1712C005AF6B5 /* AppDelegate.m in Sources */ = {isa = PBXBuildFile; fileRef = CC334B1622E1712C005AF6B5 /* AppDelegate.m */; };
		CC334B1A22E1712C005AF6B5 /* ViewController.m in Sources */ = {isa = PBXBuildFile; fileRef = CC334B1922E1712C005AF6B5 /* ViewController.m */; };
		CC334B1D22E1712C005AF6B5 /* Main.storyboard in Resources */ = {isa = PBXBuildFile; fileRef = CC334B1B22E1712C005AF6B5 /* Main.storyboard */; };
		CC334B1F22E1712C005AF6B5 /* Assets.xcassets in Resources */ = {isa = PBXBuildFile; fileRef = CC334B1E22E1712C005AF6B5 /* Assets.xcassets */; };
		CC334B2222E1712C005AF6B5 /* LaunchScreen.storyboard in Resources */ = {isa = PBXBuildFile; fileRef = CC334B2022E1712C005AF6B5 /* LaunchScreen.storyboard */; };
		CC334B2522E1712C005AF6B5 /* main.m in Sources */ = {isa = PBXBuildFile; fileRef = CC334B2422E1712C005AF6B5 /* main.m */; };
		CC334B2F22E1712C005AF6B5 /* LYSReachabilityManagerDemoTests.m in Sources */ = {isa = PBXBuildFile; fileRef = CC334B2E22E1712C005AF6B5 /* LYSReachabilityManagerDemoTests.m */; };
		CC334B3A22E1712C005AF6B5 /* LYSReachabilityManagerDemoUITests.m in Sources */ = {isa = PBXBuildFile; fileRef = CC334B3922E1712C005AF6B5 /* LYSReachabilityManagerDemoUITests.m */; };
		CC334B4A22E1715B005AF6B5 /* LYSReachabilityManager.m in Sources */ = {isa = PBXBuildFile; fileRef = CC334B4922E1715B005AF6B5 /* LYSReachabilityManager.m */; };
		CC334B4C22E18C86005AF6B5 /* LYSReachabilityManager.podspec in Resources */ = {isa = PBXBuildFile; fileRef = CC334B4B22E18C86005AF6B5 /* LYSReachabilityManager.podspec */; };
		CC334B4E22E18C8A005AF6B5 /* README.md in Resources */ = {isa = PBXBuildFile; fileRef = CC334B4D22E18C8A005AF6B5 /* README.md */; };
		FC8210E19C7053D3265A9F49 /* Pods_LYSReachabilityManagerDemo.framework in Frameworks */ = {isa = PBXBuildFile; fileRef = A979E5D856F6E2E95DF98420 /* Pods_LYSReachabilityManagerDemo.framework */; };
/* End PBXBuildFile section */

/* Begin PBXContainerItemProxy section */
		CC334B2B22E1712C005AF6B5 /* PBXContainerItemProxy */ = {
			isa = PBXContainerItemProxy;
			containerPortal = CC334B0A22E1712C005AF6B5 /* Project object */;
			proxyType = 1;
			remoteGlobalIDString = CC334B1122E1712C005AF6B5;
			remoteInfo = LYSReachabilityManagerDemo;
		};
		CC334B3622E1712C005AF6B5 /* PBXContainerItemProxy */ = {
			isa = PBXContainerItemProxy;
			containerPortal = CC334B0A22E1712C005AF6B5 /* Project object */;
			proxyType = 1;
			remoteGlobalIDString = CC334B1122E1712C005AF6B5;
			remoteInfo = LYSReachabilityManagerDemo;
		};
/* End PBXContainerItemProxy section */

/* Begin PBXFileReference section */
		0F678D4265D6E19C9853C003 /* Pods-LYSReachabilityManagerDemoUITests.debug.xcconfig */ = {isa = PBXFileReference; includeInIndex = 1; lastKnownFileType = text.xcconfig; name = "Pods-LYSReachabilityManagerDemoUITests.debug.xcconfig"; path = "Target Support Files/Pods-LYSReachabilityManagerDemoUITests/Pods-LYSReachabilityManagerDemoUITests.debug.xcconfig"; sourceTree = "<group>"; };
		151D5A072BC2F71086D9ADCE /* Pods-LYSReachabilityManagerDemoUITests.release.xcconfig */ = {isa = PBXFileReference; includeInIndex = 1; lastKnownFileType = text.xcconfig; name = "Pods-LYSReachabilityManagerDemoUITests.release.xcconfig"; path = "Target Support Files/Pods-LYSReachabilityManagerDemoUITests/Pods-LYSReachabilityManagerDemoUITests.release.xcconfig"; sourceTree = "<group>"; };
		1FFF1533F7F72ADE51A0A4C7 /* Pods-LYSReachabilityManagerDemo.release.xcconfig */ = {isa = PBXFileReference; includeInIndex = 1; lastKnownFileType = text.xcconfig; name = "Pods-LYSReachabilityManagerDemo.release.xcconfig"; path = "Target Support Files/Pods-LYSReachabilityManagerDemo/Pods-LYSReachabilityManagerDemo.release.xcconfig"; sourceTree = "<group>"; };
		236542191DF9CB75E6F79CAA /* Pods_LYSReachabilityManagerDemoUITests.framework */ = {isa = PBXFileReference; explicitFileType = wrapper.framework; includeInIndex = 0; path = Pods_LYSReachabilityManagerDemoUITests.framework; sourceTree = BUILT_PRODUCTS_DIR; };
		5CAB4073B096E4BA53E441FC /* Pods_LYSReachabilityManagerDemoTests.framework */ = {isa = PBXFileReference; explicitFileType = wrapper.framework; includeInIndex = 0; path = Pods_LYSReachabilityManagerDemoTests.framework; sourceTree = BUILT_PRODUCTS_DIR; };
		76A25AD1392ABC705925D483 /* Pods-LYSReachabilityManagerDemo.debug.xcconfig */ = {isa = PBXFileReference; includeInIndex = 1; lastKnownFileType = text.xcconfig; name = "Pods-LYSReachabilityManagerDemo.debug.xcconfig"; path = "Target Support Files/Pods-LYSReachabilityManagerDemo/Pods-LYSReachabilityManagerDemo.debug.xcconfig"; sourceTree = "<group>"; };
		8AB365E749FA897ED833EF70 /* Pods-LYSReachabilityManagerDemoTests.release.xcconfig */ = {isa = PBXFileReference; includeInIndex = 1; lastKnownFileType = text.xcconfig; name = "Pods-LYSReachabilityManagerDemoTests.release.xcconfig"; path = "Target Support Files/Pods-LYSReachabilityManagerDemoTests/Pods-LYSReachabilityManagerDemoTests.release.xcconfig"; sourceTree = "<group>"; };
		A24A5D3CAD35796EE6B2306C /* Pods-LYSReachabilityManagerDemoTests.debug.xcconfig */ = {isa = PBXFileReference; includeInIndex = 1; lastKnownFileType = text.xcconfig; name = "Pods-LYSReachabilityManagerDemoTests.debug.xcconfig"; path = "Target Support Files/Pods-LYSReachabilityManagerDemoTests/Pods-LYSReachabilityManagerDemoTests.debug.xcconfig"; sourceTree = "<group>"; };
		A979E5D856F6E2E95DF98420 /* Pods_LYSReachabilityManagerDemo.framework */ = {isa = PBXFileReference; explicitFileType = wrapper.framework; includeInIndex = 0; path = Pods_LYSReachabilityManagerDemo.framework; sourceTree = BUILT_PRODUCTS_DIR; };
		CC334B1222E1712C005AF6B5 /* LYSReachabilityManagerDemo.app */ = {isa = PBXFileReference; explicitFileType = wrapper.application; includeInIndex = 0; path = LYSReachabilityManagerDemo.app; sourceTree = BUILT_PRODUCTS_DIR; };
		CC334B1522E1712C005AF6B5 /* AppDelegate.h */ = {isa = PBXFileReference; lastKnownFileType = sourcecode.c.h; path = AppDelegate.h; sourceTree = "<group>"; };
		CC334B1622E1712C005AF6B5 /* AppDelegate.m */ = {isa = PBXFileReference; lastKnownFileType = sourcecode.c.objc; path = AppDelegate.m; sourceTree = "<group>"; };
		CC334B1822E1712C005AF6B5 /* ViewController.h */ = {isa = PBXFileReference; lastKnownFileType = sourcecode.c.h; path = ViewController.h; sourceTree = "<group>"; };
		CC334B1922E1712C005AF6B5 /* ViewController.m */ = {isa = PBXFileReference; lastKnownFileType = sourcecode.c.objc; path = ViewController.m; sourceTree = "<group>"; };
		CC334B1C22E1712C005AF6B5 /* Base */ = {isa = PBXFileReference; lastKnownFileType = file.storyboard; name = Base; path = Base.lproj/Main.storyboard; sourceTree = "<group>"; };
		CC334B1E22E1712C005AF6B5 /* Assets.xcassets */ = {isa = PBXFileReference; lastKnownFileType = folder.assetcatalog; path = Assets.xcassets; sourceTree = "<group>"; };
		CC334B2122E1712C005AF6B5 /* Base */ = {isa = PBXFileReference; lastKnownFileType = file.storyboard; name = Base; path = Base.lproj/LaunchScreen.storyboard; sourceTree = "<group>"; };
		CC334B2322E1712C005AF6B5 /* Info.plist */ = {isa = PBXFileReference; lastKnownFileType = text.plist.xml; path = Info.plist; sourceTree = "<group>"; };
		CC334B2422E1712C005AF6B5 /* main.m */ = {isa = PBXFileReference; lastKnownFileType = sourcecode.c.objc; path = main.m; sourceTree = "<group>"; };
		CC334B2A22E1712C005AF6B5 /* LYSReachabilityManagerDemoTests.xctest */ = {isa = PBXFileReference; explicitFileType = wrapper.cfbundle; includeInIndex = 0; path = LYSReachabilityManagerDemoTests.xctest; sourceTree = BUILT_PRODUCTS_DIR; };
		CC334B2E22E1712C005AF6B5 /* LYSReachabilityManagerDemoTests.m */ = {isa = PBXFileReference; lastKnownFileType = sourcecode.c.objc; path = LYSReachabilityManagerDemoTests.m; sourceTree = "<group>"; };
		CC334B3022E1712C005AF6B5 /* Info.plist */ = {isa = PBXFileReference; lastKnownFileType = text.plist.xml; path = Info.plist; sourceTree = "<group>"; };
		CC334B3522E1712C005AF6B5 /* LYSReachabilityManagerDemoUITests.xctest */ = {isa = PBXFileReference; explicitFileType = wrapper.cfbundle; includeInIndex = 0; path = LYSReachabilityManagerDemoUITests.xctest; sourceTree = BUILT_PRODUCTS_DIR; };
		CC334B3922E1712C005AF6B5 /* LYSReachabilityManagerDemoUITests.m */ = {isa = PBXFileReference; lastKnownFileType = sourcecode.c.objc; path = LYSReachabilityManagerDemoUITests.m; sourceTree = "<group>"; };
		CC334B3B22E1712C005AF6B5 /* Info.plist */ = {isa = PBXFileReference; lastKnownFileType = text.plist.xml; path = Info.plist; sourceTree = "<group>"; };
		CC334B4822E1715B005AF6B5 /* LYSReachabilityManager.h */ = {isa = PBXFileReference; lastKnownFileType = sourcecode.c.h; path = LYSReachabilityManager.h; sourceTree = "<group>"; };
		CC334B4922E1715B005AF6B5 /* LYSReachabilityManager.m */ = {isa = PBXFileReference; lastKnownFileType = sourcecode.c.objc; path = LYSReachabilityManager.m; sourceTree = "<group>"; };
		CC334B4B22E18C86005AF6B5 /* LYSReachabilityManager.podspec */ = {isa = PBXFileReference; fileEncoding = 4; lastKnownFileType = text; name = LYSReachabilityManager.podspec; path = ../../LYSReachabilityManager.podspec; sourceTree = "<group>"; };
		CC334B4D22E18C8A005AF6B5 /* README.md */ = {isa = PBXFileReference; fileEncoding = 4; lastKnownFileType = net.daringfireball.markdown; name = README.md; path = ../../README.md; sourceTree = "<group>"; };
/* End PBXFileReference section */

/* Begin PBXFrameworksBuildPhase section */
		CC334B0F22E1712C005AF6B5 /* Frameworks */ = {
			isa = PBXFrameworksBuildPhase;
			buildActionMask = 2147483647;
			files = (
				FC8210E19C7053D3265A9F49 /* Pods_LYSReachabilityManagerDemo.framework in Frameworks */,
			);
			runOnlyForDeploymentPostprocessing = 0;
		};
		CC334B2722E1712C005AF6B5 /* Frameworks */ = {
			isa = PBXFrameworksBuildPhase;
			buildActionMask = 2147483647;
			files = (
				8B4403C4A69DDEAB99932716 /* Pods_LYSReachabilityManagerDemoTests.framework in Frameworks */,
			);
			runOnlyForDeploymentPostprocessing = 0;
		};
		CC334B3222E1712C005AF6B5 /* Frameworks */ = {
			isa = PBXFrameworksBuildPhase;
			buildActionMask = 2147483647;
			files = (
				3D96A3EFEC03D2A42806B3C6 /* Pods_LYSReachabilityManagerDemoUITests.framework in Frameworks */,
			);
			runOnlyForDeploymentPostprocessing = 0;
		};
/* End PBXFrameworksBuildPhase section */

/* Begin PBXGroup section */
		525EC07788E2220CA97BED84 /* Frameworks */ = {
			isa = PBXGroup;
			children = (
				A979E5D856F6E2E95DF98420 /* Pods_LYSReachabilityManagerDemo.framework */,
				5CAB4073B096E4BA53E441FC /* Pods_LYSReachabilityManagerDemoTests.framework */,
				236542191DF9CB75E6F79CAA /* Pods_LYSReachabilityManagerDemoUITests.framework */,
			);
			name = Frameworks;
			sourceTree = "<group>";
		};
		C1E9F8E76C9F7ADDAA8FFA5B /* Pods */ = {
			isa = PBXGroup;
			children = (
				76A25AD1392ABC705925D483 /* Pods-LYSReachabilityManagerDemo.debug.xcconfig */,
				1FFF1533F7F72ADE51A0A4C7 /* Pods-LYSReachabilityManagerDemo.release.xcconfig */,
				A24A5D3CAD35796EE6B2306C /* Pods-LYSReachabilityManagerDemoTests.debug.xcconfig */,
				8AB365E749FA897ED833EF70 /* Pods-LYSReachabilityManagerDemoTests.release.xcconfig */,
				0F678D4265D6E19C9853C003 /* Pods-LYSReachabilityManagerDemoUITests.debug.xcconfig */,
				151D5A072BC2F71086D9ADCE /* Pods-LYSReachabilityManagerDemoUITests.release.xcconfig */,
			);
			path = Pods;
			sourceTree = "<group>";
		};
		CC334B0922E1712C005AF6B5 = {
			isa = PBXGroup;
			children = (
				CC334B1422E1712C005AF6B5 /* LYSReachabilityManagerDemo */,
				CC334B2D22E1712C005AF6B5 /* LYSReachabilityManagerDemoTests */,
				CC334B3822E1712C005AF6B5 /* LYSReachabilityManagerDemoUITests */,
				CC334B1322E1712C005AF6B5 /* Products */,
				C1E9F8E76C9F7ADDAA8FFA5B /* Pods */,
				525EC07788E2220CA97BED84 /* Frameworks */,
			);
			sourceTree = "<group>";
		};
		CC334B1322E1712C005AF6B5 /* Products */ = {
			isa = PBXGroup;
			children = (
				CC334B1222E1712C005AF6B5 /* LYSReachabilityManagerDemo.app */,
				CC334B2A22E1712C005AF6B5 /* LYSReachabilityManagerDemoTests.xctest */,
				CC334B3522E1712C005AF6B5 /* LYSReachabilityManagerDemoUITests.xctest */,
			);
			name = Products;
			sourceTree = "<group>";
		};
		CC334B1422E1712C005AF6B5 /* LYSReachabilityManagerDemo */ = {
			isa = PBXGroup;
			children = (
				CC334B1522E1712C005AF6B5 /* AppDelegate.h */,
				CC334B1622E1712C005AF6B5 /* AppDelegate.m */,
				CC334B1822E1712C005AF6B5 /* ViewController.h */,
				CC334B1922E1712C005AF6B5 /* ViewController.m */,
				CC334B4D22E18C8A005AF6B5 /* README.md */,
				CC334B4B22E18C86005AF6B5 /* LYSReachabilityManager.podspec */,
				CC334B4722E1714E005AF6B5 /* LYSReachabilityManager */,
				CC334B1B22E1712C005AF6B5 /* Main.storyboard */,
				CC334B1E22E1712C005AF6B5 /* Assets.xcassets */,
				CC334B2022E1712C005AF6B5 /* LaunchScreen.storyboard */,
				CC334B2322E1712C005AF6B5 /* Info.plist */,
				CC334B2422E1712C005AF6B5 /* main.m */,
			);
			path = LYSReachabilityManagerDemo;
			sourceTree = "<group>";
		};
		CC334B2D22E1712C005AF6B5 /* LYSReachabilityManagerDemoTests */ = {
			isa = PBXGroup;
			children = (
				CC334B2E22E1712C005AF6B5 /* LYSReachabilityManagerDemoTests.m */,
				CC334B3022E1712C005AF6B5 /* Info.plist */,
			);
			path = LYSReachabilityManagerDemoTests;
			sourceTree = "<group>";
		};
		CC334B3822E1712C005AF6B5 /* LYSReachabilityManagerDemoUITests */ = {
			isa = PBXGroup;
			children = (
				CC334B3922E1712C005AF6B5 /* LYSReachabilityManagerDemoUITests.m */,
				CC334B3B22E1712C005AF6B5 /* Info.plist */,
			);
			path = LYSReachabilityManagerDemoUITests;
			sourceTree = "<group>";
		};
		CC334B4722E1714E005AF6B5 /* LYSReachabilityManager */ = {
			isa = PBXGroup;
			children = (
				CC334B4822E1715B005AF6B5 /* LYSReachabilityManager.h */,
				CC334B4922E1715B005AF6B5 /* LYSReachabilityManager.m */,
			);
			name = LYSReachabilityManager;
			path = ../../LYSReachabilityManager;
			sourceTree = "<group>";
		};
/* End PBXGroup section */

/* Begin PBXNativeTarget section */
		CC334B1122E1712C005AF6B5 /* LYSReachabilityManagerDemo */ = {
			isa = PBXNativeTarget;
			buildConfigurationList = CC334B3E22E1712C005AF6B5 /* Build configuration list for PBXNativeTarget "LYSReachabilityManagerDemo" */;
			buildPhases = (
				35AAAA64F7419238C88AA00C /* [CP] Check Pods Manifest.lock */,
				CC334B0E22E1712C005AF6B5 /* Sources */,
				CC334B0F22E1712C005AF6B5 /* Frameworks */,
				CC334B1022E1712C005AF6B5 /* Resources */,
				E368DA68B6A0A12E8FE94343 /* [CP] Embed Pods Frameworks */,
			);
			buildRules = (
			);
			dependencies = (
			);
			name = LYSReachabilityManagerDemo;
			productName = LYSReachabilityManagerDemo;
			productReference = CC334B1222E1712C005AF6B5 /* LYSReachabilityManagerDemo.app */;
			productType = "com.apple.product-type.application";
		};
		CC334B2922E1712C005AF6B5 /* LYSReachabilityManagerDemoTests */ = {
			isa = PBXNativeTarget;
			buildConfigurationList = CC334B4122E1712C005AF6B5 /* Build configuration list for PBXNativeTarget "LYSReachabilityManagerDemoTests" */;
			buildPhases = (
				BB74209AF758195EE0F60B60 /* [CP] Check Pods Manifest.lock */,
				CC334B2622E1712C005AF6B5 /* Sources */,
				CC334B2722E1712C005AF6B5 /* Frameworks */,
				CC334B2822E1712C005AF6B5 /* Resources */,
			);
			buildRules = (
			);
			dependencies = (
				CC334B2C22E1712C005AF6B5 /* PBXTargetDependency */,
			);
			name = LYSReachabilityManagerDemoTests;
			productName = LYSReachabilityManagerDemoTests;
			productReference = CC334B2A22E1712C005AF6B5 /* LYSReachabilityManagerDemoTests.xctest */;
			productType = "com.apple.product-type.bundle.unit-test";
		};
		CC334B3422E1712C005AF6B5 /* LYSReachabilityManagerDemoUITests */ = {
			isa = PBXNativeTarget;
			buildConfigurationList = CC334B4422E1712C005AF6B5 /* Build configuration list for PBXNativeTarget "LYSReachabilityManagerDemoUITests" */;
			buildPhases = (
				B4A420BA850A73DE7743088E /* [CP] Check Pods Manifest.lock */,
				CC334B3122E1712C005AF6B5 /* Sources */,
				CC334B3222E1712C005AF6B5 /* Frameworks */,
				CC334B3322E1712C005AF6B5 /* Resources */,
			);
			buildRules = (
			);
			dependencies = (
				CC334B3722E1712C005AF6B5 /* PBXTargetDependency */,
			);
			name = LYSReachabilityManagerDemoUITests;
			productName = LYSReachabilityManagerDemoUITests;
			productReference = CC334B3522E1712C005AF6B5 /* LYSReachabilityManagerDemoUITests.xctest */;
			productType = "com.apple.product-type.bundle.ui-testing";
		};
/* End PBXNativeTarget section */

/* Begin PBXProject section */
		CC334B0A22E1712C005AF6B5 /* Project object */ = {
			isa = PBXProject;
			attributes = {
				LastUpgradeCheck = 1020;
				ORGANIZATIONNAME = HENAN;
				TargetAttributes = {
					CC334B1122E1712C005AF6B5 = {
						CreatedOnToolsVersion = 10.2.1;
					};
					CC334B2922E1712C005AF6B5 = {
						CreatedOnToolsVersion = 10.2.1;
						TestTargetID = CC334B1122E1712C005AF6B5;
					};
					CC334B3422E1712C005AF6B5 = {
						CreatedOnToolsVersion = 10.2.1;
						TestTargetID = CC334B1122E1712C005AF6B5;
					};
				};
			};
			buildConfigurationList = CC334B0D22E1712C005AF6B5 /* Build configuration list for PBXProject "LYSReachabilityManagerDemo" */;
			compatibilityVersion = "Xcode 9.3";
			developmentRegion = en;
			hasScannedForEncodings = 0;
			knownRegions = (
				en,
				Base,
			);
			mainGroup = CC334B0922E1712C005AF6B5;
			productRefGroup = CC334B1322E1712C005AF6B5 /* Products */;
			projectDirPath = "";
			projectRoot = "";
			targets = (
				CC334B1122E1712C005AF6B5 /* LYSReachabilityManagerDemo */,
				CC334B2922E1712C005AF6B5 /* LYSReachabilityManagerDemoTests */,
				CC334B3422E1712C005AF6B5 /* LYSReachabilityManagerDemoUITests */,
			);
		};
/* End PBXProject section */

/* Begin PBXResourcesBuildPhase section */
		CC334B1022E1712C005AF6B5 /* Resources */ = {
			isa = PBXResourcesBuildPhase;
			buildActionMask = 2147483647;
			files = (
				CC334B2222E1712C005AF6B5 /* LaunchScreen.storyboard in Resources */,
				CC334B1F22E1712C005AF6B5 /* Assets.xcassets in Resources */,
				CC334B4E22E18C8A005AF6B5 /* README.md in Resources */,
				CC334B4C22E18C86005AF6B5 /* LYSReachabilityManager.podspec in Resources */,
				CC334B1D22E1712C005AF6B5 /* Main.storyboard in Resources */,
			);
			runOnlyForDeploymentPostprocessing = 0;
		};
		CC334B2822E1712C005AF6B5 /* Resources */ = {
			isa = PBXResourcesBuildPhase;
			buildActionMask = 2147483647;
			files = (
			);
			runOnlyForDeploymentPostprocessing = 0;
		};
		CC334B3322E1712C005AF6B5 /* Resources */ = {
			isa = PBXResourcesBuildPhase;
			buildActionMask = 2147483647;
			files = (
			);
			runOnlyForDeploymentPostprocessing = 0;
		};
/* End PBXResourcesBuildPhase section */

/* Begin PBXShellScriptBuildPhase section */
		35AAAA64F7419238C88AA00C /* [CP] Check Pods Manifest.lock */ = {
			isa = PBXShellScriptBuildPhase;
			buildActionMask = 2147483647;
			files = (
			);
			inputFileListPaths = (
			);
			inputPaths = (
				"${PODS_PODFILE_DIR_PATH}/Podfile.lock",
				"${PODS_ROOT}/Manifest.lock",
			);
			name = "[CP] Check Pods Manifest.lock";
			outputFileListPaths = (
			);
			outputPaths = (
				"$(DERIVED_FILE_DIR)/Pods-LYSReachabilityManagerDemo-checkManifestLockResult.txt",
			);
			runOnlyForDeploymentPostprocessing = 0;
			shellPath = /bin/sh;
			shellScript = "diff \"${PODS_PODFILE_DIR_PATH}/Podfile.lock\" \"${PODS_ROOT}/Manifest.lock\" > /dev/null\nif [ $? != 0 ] ; then\n    # print error to STDERR\n    echo \"error: The sandbox is not in sync with the Podfile.lock. Run 'pod install' or update your CocoaPods installation.\" >&2\n    exit 1\nfi\n# This output is used by Xcode 'outputs' to avoid re-running this script phase.\necho \"SUCCESS\" > \"${SCRIPT_OUTPUT_FILE_0}\"\n";
			showEnvVarsInLog = 0;
		};
		B4A420BA850A73DE7743088E /* [CP] Check Pods Manifest.lock */ = {
			isa = PBXShellScriptBuildPhase;
			buildActionMask = 2147483647;
			files = (
			);
			inputFileListPaths = (
			);
			inputPaths = (
				"${PODS_PODFILE_DIR_PATH}/Podfile.lock",
				"${PODS_ROOT}/Manifest.lock",
			);
			name = "[CP] Check Pods Manifest.lock";
			outputFileListPaths = (
			);
			outputPaths = (
				"$(DERIVED_FILE_DIR)/Pods-LYSReachabilityManagerDemoUITests-checkManifestLockResult.txt",
			);
			runOnlyForDeploymentPostprocessing = 0;
			shellPath = /bin/sh;
			shellScript = "diff \"${PODS_PODFILE_DIR_PATH}/Podfile.lock\" \"${PODS_ROOT}/Manifest.lock\" > /dev/null\nif [ $? != 0 ] ; then\n    # print error to STDERR\n    echo \"error: The sandbox is not in sync with the Podfile.lock. Run 'pod install' or update your CocoaPods installation.\" >&2\n    exit 1\nfi\n# This output is used by Xcode 'outputs' to avoid re-running this script phase.\necho \"SUCCESS\" > \"${SCRIPT_OUTPUT_FILE_0}\"\n";
			showEnvVarsInLog = 0;
		};
		BB74209AF758195EE0F60B60 /* [CP] Check Pods Manifest.lock */ = {
			isa = PBXShellScriptBuildPhase;
			buildActionMask = 2147483647;
			files = (
			);
			inputFileListPaths = (
			);
			inputPaths = (
				"${PODS_PODFILE_DIR_PATH}/Podfile.lock",
				"${PODS_ROOT}/Manifest.lock",
			);
			name = "[CP] Check Pods Manifest.lock";
			outputFileListPaths = (
			);
			outputPaths = (
				"$(DERIVED_FILE_DIR)/Pods-LYSReachabilityManagerDemoTests-checkManifestLockResult.txt",
			);
			runOnlyForDeploymentPostprocessing = 0;
			shellPath = /bin/sh;
			shellScript = "diff \"${PODS_PODFILE_DIR_PATH}/Podfile.lock\" \"${PODS_ROOT}/Manifest.lock\" > /dev/null\nif [ $? != 0 ] ; then\n    # print error to STDERR\n    echo \"error: The sandbox is not in sync with the Podfile.lock. Run 'pod install' or update your CocoaPods installation.\" >&2\n    exit 1\nfi\n# This output is used by Xcode 'outputs' to avoid re-running this script phase.\necho \"SUCCESS\" > \"${SCRIPT_OUTPUT_FILE_0}\"\n";
			showEnvVarsInLog = 0;
		};
		E368DA68B6A0A12E8FE94343 /* [CP] Embed Pods Frameworks */ = {
			isa = PBXShellScriptBuildPhase;
			buildActionMask = 2147483647;
			files = (
			);
			inputFileListPaths = (
				"${PODS_ROOT}/Target Support Files/Pods-LYSReachabilityManagerDemo/Pods-LYSReachabilityManagerDemo-frameworks-${CONFIGURATION}-input-files.xcfilelist",
			);
			name = "[CP] Embed Pods Frameworks";
			outputFileListPaths = (
				"${PODS_ROOT}/Target Support Files/Pods-LYSReachabilityManagerDemo/Pods-LYSReachabilityManagerDemo-frameworks-${CONFIGURATION}-output-files.xcfilelist",
			);
			runOnlyForDeploymentPostprocessing = 0;
			shellPath = /bin/sh;
			shellScript = "\"${PODS_ROOT}/Target Support Files/Pods-LYSReachabilityManagerDemo/Pods-LYSReachabilityManagerDemo-frameworks.sh\"\n";
			showEnvVarsInLog = 0;
		};
/* End PBXShellScriptBuildPhase section */

/* Begin PBXSourcesBuildPhase section */
		CC334B0E22E1712C005AF6B5 /* Sources */ = {
			isa = PBXSourcesBuildPhase;
			buildActionMask = 2147483647;
			files = (
				CC334B1A22E1712C005AF6B5 /* ViewController.m in Sources */,
				CC334B2522E1712C005AF6B5 /* main.m in Sources */,
				CC334B1722E1712C005AF6B5 /* AppDelegate.m in Sources */,
				CC334B4A22E1715B005AF6B5 /* LYSReachabilityManager.m in Sources */,
			);
			runOnlyForDeploymentPostprocessing = 0;
		};
		CC334B2622E1712C005AF6B5 /* Sources */ = {
			isa = PBXSourcesBuildPhase;
			buildActionMask = 2147483647;
			files = (
				CC334B2F22E1712C005AF6B5 /* LYSReachabilityManagerDemoTests.m in Sources */,
			);
			runOnlyForDeploymentPostprocessing = 0;
		};
		CC334B3122E1712C005AF6B5 /* Sources */ = {
			isa = PBXSourcesBuildPhase;
			buildActionMask = 2147483647;
			files = (
				CC334B3A22E1712C005AF6B5 /* LYSReachabilityManagerDemoUITests.m in Sources */,
			);
			runOnlyForDeploymentPostprocessing = 0;
		};
/* End PBXSourcesBuildPhase section */

/* Begin PBXTargetDependency section */
		CC334B2C22E1712C005AF6B5 /* PBXTargetDependency */ = {
			isa = PBXTargetDependency;
			target = CC334B1122E1712C005AF6B5 /* LYSReachabilityManagerDemo */;
			targetProxy = CC334B2B22E1712C005AF6B5 /* PBXContainerItemProxy */;
		};
		CC334B3722E1712C005AF6B5 /* PBXTargetDependency */ = {
			isa = PBXTargetDependency;
			target = CC334B1122E1712C005AF6B5 /* LYSReachabilityManagerDemo */;
			targetProxy = CC334B3622E1712C005AF6B5 /* PBXContainerItemProxy */;
		};
/* End PBXTargetDependency section */

/* Begin PBXVariantGroup section */
		CC334B1B22E1712C005AF6B5 /* Main.storyboard */ = {
			isa = PBXVariantGroup;
			children = (
				CC334B1C22E1712C005AF6B5 /* Base */,
			);
			name = Main.storyboard;
			sourceTree = "<group>";
		};
		CC334B2022E1712C005AF6B5 /* LaunchScreen.storyboard */ = {
			isa = PBXVariantGroup;
			children = (
				CC334B2122E1712C005AF6B5 /* Base */,
			);
			name = LaunchScreen.storyboard;
			sourceTree = "<group>";
		};
/* End PBXVariantGroup section */

/* Begin XCBuildConfiguration section */
		CC334B3C22E1712C005AF6B5 /* Debug */ = {
			isa = XCBuildConfiguration;
			buildSettings = {
				ALWAYS_SEARCH_USER_PATHS = NO;
				CLANG_ANALYZER_NONNULL = YES;
				CLANG_ANALYZER_NUMBER_OBJECT_CONVERSION = YES_AGGRESSIVE;
				CLANG_CXX_LANGUAGE_STANDARD = "gnu++14";
				CLANG_CXX_LIBRARY = "libc++";
				CLANG_ENABLE_MODULES = YES;
				CLANG_ENABLE_OBJC_ARC = YES;
				CLANG_ENABLE_OBJC_WEAK = YES;
				CLANG_WARN_BLOCK_CAPTURE_AUTORELEASING = YES;
				CLANG_WARN_BOOL_CONVERSION = YES;
				CLANG_WARN_COMMA = YES;
				CLANG_WARN_CONSTANT_CONVERSION = YES;
				CLANG_WARN_DEPRECATED_OBJC_IMPLEMENTATIONS = YES;
				CLANG_WARN_DIRECT_OBJC_ISA_USAGE = YES_ERROR;
				CLANG_WARN_DOCUMENTATION_COMMENTS = YES;
				CLANG_WARN_EMPTY_BODY = YES;
				CLANG_WARN_ENUM_CONVERSION = YES;
				CLANG_WARN_INFINITE_RECURSION = YES;
				CLANG_WARN_INT_CONVERSION = YES;
				CLANG_WARN_NON_LITERAL_NULL_CONVERSION = YES;
				CLANG_WARN_OBJC_IMPLICIT_RETAIN_SELF = YES;
				CLANG_WARN_OBJC_LITERAL_CONVERSION = YES;
				CLANG_WARN_OBJC_ROOT_CLASS = YES_ERROR;
				CLANG_WARN_RANGE_LOOP_ANALYSIS = YES;
				CLANG_WARN_STRICT_PROTOTYPES = YES;
				CLANG_WARN_SUSPICIOUS_MOVE = YES;
				CLANG_WARN_UNGUARDED_AVAILABILITY = YES_AGGRESSIVE;
				CLANG_WARN_UNREACHABLE_CODE = YES;
				CLANG_WARN__DUPLICATE_METHOD_MATCH = YES;
				CODE_SIGN_IDENTITY = "iPhone Developer";
				COPY_PHASE_STRIP = NO;
				DEBUG_INFORMATION_FORMAT = dwarf;
				ENABLE_STRICT_OBJC_MSGSEND = YES;
				ENABLE_TESTABILITY = YES;
				GCC_C_LANGUAGE_STANDARD = gnu11;
				GCC_DYNAMIC_NO_PIC = NO;
				GCC_NO_COMMON_BLOCKS = YES;
				GCC_OPTIMIZATION_LEVEL = 0;
				GCC_PREPROCESSOR_DEFINITIONS = (
					"DEBUG=1",
					"$(inherited)",
				);
				GCC_WARN_64_TO_32_BIT_CONVERSION = YES;
				GCC_WARN_ABOUT_RETURN_TYPE = YES_ERROR;
				GCC_WARN_UNDECLARED_SELECTOR = YES;
				GCC_WARN_UNINITIALIZED_AUTOS = YES_AGGRESSIVE;
				GCC_WARN_UNUSED_FUNCTION = YES;
				GCC_WARN_UNUSED_VARIABLE = YES;
				IPHONEOS_DEPLOYMENT_TARGET = 12.2;
				MTL_ENABLE_DEBUG_INFO = INCLUDE_SOURCE;
				MTL_FAST_MATH = YES;
				ONLY_ACTIVE_ARCH = YES;
				SDKROOT = iphoneos;
			};
			name = Debug;
		};
		CC334B3D22E1712C005AF6B5 /* Release */ = {
			isa = XCBuildConfiguration;
			buildSettings = {
				ALWAYS_SEARCH_USER_PATHS = NO;
				CLANG_ANALYZER_NONNULL = YES;
				CLANG_ANALYZER_NUMBER_OBJECT_CONVERSION = YES_AGGRESSIVE;
				CLANG_CXX_LANGUAGE_STANDARD = "gnu++14";
				CLANG_CXX_LIBRARY = "libc++";
				CLANG_ENABLE_MODULES = YES;
				CLANG_ENABLE_OBJC_ARC = YES;
				CLANG_ENABLE_OBJC_WEAK = YES;
				CLANG_WARN_BLOCK_CAPTURE_AUTORELEASING = YES;
				CLANG_WARN_BOOL_CONVERSION = YES;
				CLANG_WARN_COMMA = YES;
				CLANG_WARN_CONSTANT_CONVERSION = YES;
				CLANG_WARN_DEPRECATED_OBJC_IMPLEMENTATIONS = YES;
				CLANG_WARN_DIRECT_OBJC_ISA_USAGE = YES_ERROR;
				CLANG_WARN_DOCUMENTATION_COMMENTS = YES;
				CLANG_WARN_EMPTY_BODY = YES;
				CLANG_WARN_ENUM_CONVERSION = YES;
				CLANG_WARN_INFINITE_RECURSION = YES;
				CLANG_WARN_INT_CONVERSION = YES;
				CLANG_WARN_NON_LITERAL_NULL_CONVERSION = YES;
				CLANG_WARN_OBJC_IMPLICIT_RETAIN_SELF = YES;
				CLANG_WARN_OBJC_LITERAL_CONVERSION = YES;
				CLANG_WARN_OBJC_ROOT_CLASS = YES_ERROR;
				CLANG_WARN_RANGE_LOOP_ANALYSIS = YES;
				CLANG_WARN_STRICT_PROTOTYPES = YES;
				CLANG_WARN_SUSPICIOUS_MOVE = YES;
				CLANG_WARN_UNGUARDED_AVAILABILITY = YES_AGGRESSIVE;
				CLANG_WARN_UNREACHABLE_CODE = YES;
				CLANG_WARN__DUPLICATE_METHOD_MATCH = YES;
				CODE_SIGN_IDENTITY = "iPhone Developer";
				COPY_PHASE_STRIP = NO;
				DEBUG_INFORMATION_FORMAT = "dwarf-with-dsym";
				ENABLE_NS_ASSERTIONS = NO;
				ENABLE_STRICT_OBJC_MSGSEND = YES;
				GCC_C_LANGUAGE_STANDARD = gnu11;
				GCC_NO_COMMON_BLOCKS = YES;
				GCC_WARN_64_TO_32_BIT_CONVERSION = YES;
				GCC_WARN_ABOUT_RETURN_TYPE = YES_ERROR;
				GCC_WARN_UNDECLARED_SELECTOR = YES;
				GCC_WARN_UNINITIALIZED_AUTOS = YES_AGGRESSIVE;
				GCC_WARN_UNUSED_FUNCTION = YES;
				GCC_WARN_UNUSED_VARIABLE = YES;
				IPHONEOS_DEPLOYMENT_TARGET = 12.2;
				MTL_ENABLE_DEBUG_INFO = NO;
				MTL_FAST_MATH = YES;
				SDKROOT = iphoneos;
				VALIDATE_PRODUCT = YES;
			};
			name = Release;
		};
		CC334B3F22E1712C005AF6B5 /* Debug */ = {
			isa = XCBuildConfiguration;
			baseConfigurationReference = 76A25AD1392ABC705925D483 /* Pods-LYSReachabilityManagerDemo.debug.xcconfig */;
			buildSettings = {
				ASSETCATALOG_COMPILER_APPICON_NAME = AppIcon;
				CODE_SIGN_STYLE = Manual;
				DEVELOPMENT_TEAM = "";
				INFOPLIST_FILE = LYSReachabilityManagerDemo/Info.plist;
				IPHONEOS_DEPLOYMENT_TARGET = 8.0;
				LD_RUNPATH_SEARCH_PATHS = (
					"$(inherited)",
					"@executable_path/Frameworks",
				);
				PRODUCT_BUNDLE_IDENTIFIER = LYS.LYSReachabilityManagerDemo;
				PRODUCT_NAME = "$(TARGET_NAME)";
				PROVISIONING_PROFILE_SPECIFIER = "";
				TARGETED_DEVICE_FAMILY = "1,2";
			};
			name = Debug;
		};
		CC334B4022E1712C005AF6B5 /* Release */ = {
			isa = XCBuildConfiguration;
			baseConfigurationReference = 1FFF1533F7F72ADE51A0A4C7 /* Pods-LYSReachabilityManagerDemo.release.xcconfig */;
			buildSettings = {
				ASSETCATALOG_COMPILER_APPICON_NAME = AppIcon;
				CODE_SIGN_STYLE = Manual;
				DEVELOPMENT_TEAM = "";
				INFOPLIST_FILE = LYSReachabilityManagerDemo/Info.plist;
				IPHONEOS_DEPLOYMENT_TARGET = 8.0;
				LD_RUNPATH_SEARCH_PATHS = (
					"$(inherited)",
					"@executable_path/Frameworks",
				);
				PRODUCT_BUNDLE_IDENTIFIER = LYS.LYSReachabilityManagerDemo;
				PRODUCT_NAME = "$(TARGET_NAME)";
				PROVISIONING_PROFILE_SPECIFIER = "";
				TARGETED_DEVICE_FAMILY = "1,2";
			};
			name = Release;
		};
		CC334B4222E1712C005AF6B5 /* Debug */ = {
			isa = XCBuildConfiguration;
			baseConfigurationReference = A24A5D3CAD35796EE6B2306C /* Pods-LYSReachabilityManagerDemoTests.debug.xcconfig */;
			buildSettings = {
				BUNDLE_LOADER = "$(TEST_HOST)";
				CODE_SIGN_STYLE = Automatic;
				INFOPLIST_FILE = LYSReachabilityManagerDemoTests/Info.plist;
				LD_RUNPATH_SEARCH_PATHS = (
					"$(inherited)",
					"@executable_path/Frameworks",
					"@loader_path/Frameworks",
				);
				PRODUCT_BUNDLE_IDENTIFIER = LYS.LYSReachabilityManagerDemoTests;
				PRODUCT_NAME = "$(TARGET_NAME)";
				TARGETED_DEVICE_FAMILY = "1,2";
				TEST_HOST = "$(BUILT_PRODUCTS_DIR)/LYSReachabilityManagerDemo.app/LYSReachabilityManagerDemo";
			};
			name = Debug;
		};
		CC334B4322E1712C005AF6B5 /* Release */ = {
			isa = XCBuildConfiguration;
			baseConfigurationReference = 8AB365E749FA897ED833EF70 /* Pods-LYSReachabilityManagerDemoTests.release.xcconfig */;
			buildSettings = {
				BUNDLE_LOADER = "$(TEST_HOST)";
				CODE_SIGN_STYLE = Automatic;
				INFOPLIST_FILE = LYSReachabilityManagerDemoTests/Info.plist;
				LD_RUNPATH_SEARCH_PATHS = (
					"$(inherited)",
					"@executable_path/Frameworks",
					"@loader_path/Frameworks",
				);
				PRODUCT_BUNDLE_IDENTIFIER = LYS.LYSReachabilityManagerDemoTests;
				PRODUCT_NAME = "$(TARGET_NAME)";
				TARGETED_DEVICE_FAMILY = "1,2";
				TEST_HOST = "$(BUILT_PRODUCTS_DIR)/LYSReachabilityManagerDemo.app/LYSReachabilityManagerDemo";
			};
			name = Release;
		};
		CC334B4522E1712C005AF6B5 /* Debug */ = {
			isa = XCBuildConfiguration;
			baseConfigurationReference = 0F678D4265D6E19C9853C003 /* Pods-LYSReachabilityManagerDemoUITests.debug.xcconfig */;
			buildSettings = {
				CODE_SIGN_STYLE = Automatic;
				INFOPLIST_FILE = LYSReachabilityManagerDemoUITests/Info.plist;
				LD_RUNPATH_SEARCH_PATHS = (
					"$(inherited)",
					"@executable_path/Frameworks",
					"@loader_path/Frameworks",
				);
				PRODUCT_BUNDLE_IDENTIFIER = LYS.LYSReachabilityManagerDemoUITests;
				PRODUCT_NAME = "$(TARGET_NAME)";
				TARGETED_DEVICE_FAMILY = "1,2";
				TEST_TARGET_NAME = LYSReachabilityManagerDemo;
			};
			name = Debug;
		};
		CC334B4622E1712C005AF6B5 /* Release */ = {
			isa = XCBuildConfiguration;
			baseConfigurationReference = 151D5A072BC2F71086D9ADCE /* Pods-LYSReachabilityManagerDemoUITests.release.xcconfig */;
			buildSettings = {
				CODE_SIGN_STYLE = Automatic;
				INFOPLIST_FILE = LYSReachabilityManagerDemoUITests/Info.plist;
				LD_RUNPATH_SEARCH_PATHS = (
					"$(inherited)",
					"@executable_path/Frameworks",
					"@loader_path/Frameworks",
				);
				PRODUCT_BUNDLE_IDENTIFIER = LYS.LYSReachabilityManagerDemoUITests;
				PRODUCT_NAME = "$(TARGET_NAME)";
				TARGETED_DEVICE_FAMILY = "1,2";
				TEST_TARGET_NAME = LYSReachabilityManagerDemo;
			};
			name = Release;
		};
/* End XCBuildConfiguration section */

/* Begin XCConfigurationList section */
		CC334B0D22E1712C005AF6B5 /* Build configuration list for PBXProject "LYSReachabilityManagerDemo" */ = {
			isa = XCConfigurationList;
			buildConfigurations = (
				CC334B3C22E1712C005AF6B5 /* Debug */,
				CC334B3D22E1712C005AF6B5 /* Release */,
			);
			defaultConfigurationIsVisible = 0;
			defaultConfigurationName = Release;
		};
		CC334B3E22E1712C005AF6B5 /* Build configuration list for PBXNativeTarget "LYSReachabilityManagerDemo" */ = {
			isa = XCConfigurationList;
			buildConfigurations = (
				CC334B3F22E1712C005AF6B5 /* Debug */,
				CC334B4022E1712C005AF6B5 /* Release */,
			);
			defaultConfigurationIsVisible = 0;
			defaultConfigurationName = Release;
		};
		CC334B4122E1712C005AF6B5 /* Build configuration list for PBXNativeTarget "LYSReachabilityManagerDemoTests" */ = {
			isa = XCConfigurationList;
			buildConfigurations = (
				CC334B4222E1712C005AF6B5 /* Debug */,
				CC334B4322E1712C005AF6B5 /* Release */,
			);
			defaultConfigurationIsVisible = 0;
			defaultConfigurationName = Release;
		};
		CC334B4422E1712C005AF6B5 /* Build configuration list for PBXNativeTarget "LYSReachabilityManagerDemoUITests" */ = {
			isa = XCConfigurationList;
			buildConfigurations = (
				CC334B4522E1712C005AF6B5 /* Debug */,
				CC334B4622E1712C005AF6B5 /* Release */,
			);
			defaultConfigurationIsVisible = 0;
			defaultConfigurationName = Release;
		};
/* End XCConfigurationList section */
	};
	rootObject = CC334B0A22E1712C005AF6B5 /* Project object */;
}
